<?xml version="1.0" encoding="utf-8"?>
<Project ToolsVersion="4.0" xmlns="http://schemas.microsoft.com/developer/msbuild/2003">
  <ItemGroup>
    <Filter Include="Source Files">
      <UniqueIdentifier>{4FC737F1-C7A5-4376-A066-2A32D752A2FF}</UniqueIdentifier>
      <Extensions>cpp;c;cc;cxx;c++;cppm;ixx;def;odl;idl;hpj;bat;asm;asmx</Extensions>
    </Filter>
    <Filter Include="Header Files">
      <UniqueIdentifier>{93995380-89BD-4b04-88EB-625FBE52EBFB}</UniqueIdentifier>
      <Extensions>h;hh;hpp;hxx;h++;hm;inl;inc;ipp;xsd</Extensions>
    </Filter>
    <Filter Include="Resource Files">
      <UniqueIdentifier>{67DA6AB6-F800-4c08-8B7A-83BB121AAD01}</UniqueIdentifier>
      <Extensions>rc;ico;cur;bmp;dlg;rc2;rct;bin;rgs;gif;jpg;jpeg;jpe;resx;tiff;tif;png;wav;mfcribbon-ms</Extensions>
    </Filter>
    <Filter Include="Header Files\math">
      <UniqueIdentifier>{a36d2114-19d0-4a14-a305-3bbf3c32c040}</UniqueIdentifier>
    </Filter>
    <Filter Include="Source Files\math">
      <UniqueIdentifier>{05570004-b290-47ab-afda-32cec1870987}</UniqueIdentifier>
    </Filter>
    <Filter Include="Header Files\engine">
      <UniqueIdentifier>{3dc7f031-5797-4f60-9322-a019e1c09b61}</UniqueIdentifier>
    </Filter>
    <Filter Include="Source Files\engine">
      <UniqueIdentifier>{7646cfb2-9d00-44dc-bdf4-524d0e4244fe}</UniqueIdentifier>
    </Filter>
    <Filter Include="Header Files\core">
      <UniqueIdentifier>{bc5be9e9-b364-4d51-8463-cdce2a01d7c7}</UniqueIdentifier>
    </Filter>
    <Filter Include="Source Files\core">
      <UniqueIdentifier>{306985f9-94c9-49a8-8f16-e9b4b9795688}</UniqueIdentifier>
    </Filter>
    <Filter Include="Header Files\utils">
      <UniqueIdentifier>{cae30139-894a-4bcb-8ab2-0029ad596c52}</UniqueIdentifier>
    </Filter>
    <Filter Include="Source Files\utils">
      <UniqueIdentifier>{6276a2ed-64c0-40d7-ae30-afa6e9ef32ab}</UniqueIdentifier>
    </Filter>
    <Filter Include="Header Files\game">
      <UniqueIdentifier>{4aa0e550-2955-48a9-a05e-4e923ea31cb2}</UniqueIdentifier>
    </Filter>
    <Filter Include="Source Files\game">
      <UniqueIdentifier>{ac98539f-a48e-4e49-b133-2fcfa13556c3}</UniqueIdentifier>
    </Filter>
  </ItemGroup>
  <ItemGroup>
    <ClCompile Include="src\main.cpp">
      <Filter>Source Files</Filter>
    </ClCompile>
    <ClCompile Include="src\engine\frustum.cpp">
      <Filter>Source Files\engine</Filter>
    </ClCompile>
    <ClCompile Include="src\engine\camera.cpp">
      <Filter>Source Files\engine</Filter>
    </ClCompile>
    <ClCompile Include="src\engine\objmodel.cpp">
      <Filter>Source Files\engine</Filter>
    </ClCompile>
    <ClCompile Include="src\core\gl.cpp">
      <Filter>Source Files\core</Filter>
    </ClCompile>
    <ClCompile Include="src\core\window.cpp">
      <Filter>Source Files\core</Filter>
    </ClCompile>
    <ClCompile Include="src\engine\old_shader.cpp">
      <Filter>Source Files\engine</Filter>
    </ClCompile>
    <ClCompile Include="src\utils\logger.cpp">
      <Filter>Source Files\utils</Filter>
    </ClCompile>
    <ClCompile Include="src\utils\bmp_decoder.cpp">
      <Filter>Source Files\utils</Filter>
    </ClCompile>
    <ClCompile Include="src\utils\image.cpp">
      <Filter>Source Files\utils</Filter>
    </ClCompile>
    <ClCompile Include="src\utils\jpeg_decoder.cpp">
      <Filter>Source Files\utils</Filter>
    </ClCompile>
    <ClCompile Include="src\utils\png_decoder.cpp">
      <Filter>Source Files\utils</Filter>
    </ClCompile>
    <ClCompile Include="src\engine\texture.cpp">
      <Filter>Source Files\engine</Filter>
    </ClCompile>
    <ClCompile Include="src\engine\light.cpp">
      <Filter>Source Files\engine</Filter>
    </ClCompile>
    <ClCompile Include="src\game\cube_model.cpp">
      <Filter>Source Files\game</Filter>
    </ClCompile>
    <ClCompile Include="src\engine\basics.cpp">
      <Filter>Source Files\engine</Filter>
    </ClCompile>
    <ClCompile Include="src\engine\entities.cpp">
      <Filter>Source Files\engine</Filter>
    </ClCompile>
    <ClCompile Include="src\utils\json.cpp">
      <Filter>Source Files\utils</Filter>
    </ClCompile>
    <ClCompile Include="src\engine\text.cpp">
      <Filter>Source Files\engine</Filter>
    </ClCompile>
    <ClCompile Include="src\engine\sampler.cpp">
      <Filter>Source Files\engine</Filter>
    </ClCompile>
    <ClCompile Include="src\engine\shader.cpp">
      <Filter>Source Files\engine</Filter>
    </ClCompile>
    <ClCompile Include="src\utils\raw_buffer.cpp">
      <Filter>Source Files\utils</Filter>
    </ClCompile>
    <ClCompile Include="src\core\time.cpp">
      <Filter>Source Files\core</Filter>
    </ClCompile>
  </ItemGroup>
  <ItemGroup>
    <ClInclude Include="src\math\MathUtils.h">
      <Filter>Header Files\math</Filter>
    </ClInclude>
    <ClInclude Include="src\engine\camera.h">
      <Filter>Header Files\engine</Filter>
    </ClInclude>
    <ClInclude Include="src\engine\frustum.h">
      <Filter>Header Files\engine</Filter>
    </ClInclude>
    <ClInclude Include="src\engine\objmodel.h">
      <Filter>Header Files\engine</Filter>
    </ClInclude>
    <ClInclude Include="src\core\gl.h">
      <Filter>Header Files\core</Filter>
    </ClInclude>
    <ClInclude Include="src\math\color.h">
      <Filter>Header Files\math</Filter>
    </ClInclude>
    <ClInclude Include="src\utils\io_utils.h">
      <Filter>Header Files\utils</Filter>
    </ClInclude>
    <ClInclude Include="src\engine\old_shader.h">
      <Filter>Header Files\engine</Filter>
    </ClInclude>
    <ClInclude Include="src\math\glm.h">
      <Filter>Header Files\math</Filter>
    </ClInclude>
    <ClInclude Include="src\utils\optref.h">
      <Filter>Header Files\utils</Filter>
    </ClInclude>
    <ClInclude Include="src\core\window.h">
      <Filter>Header Files\core</Filter>
    </ClInclude>
    <ClInclude Include="src\utils\logger.h">
      <Filter>Header Files\utils</Filter>
    </ClInclude>
    <ClInclude Include="src\utils\jpeg_decoder.h">
      <Filter>Header Files\utils</Filter>
    </ClInclude>
    <ClInclude Include="src\utils\bmp_decoder.h">
      <Filter>Header Files\utils</Filter>
    </ClInclude>
    <ClInclude Include="src\utils\image.h">
      <Filter>Header Files\utils</Filter>
    </ClInclude>
    <ClInclude Include="src\utils\utils.h">
      <Filter>Header Files\utils</Filter>
    </ClInclude>
    <ClInclude Include="src\utils\png_decoder.h">
      <Filter>Header Files\utils</Filter>
    </ClInclude>
    <ClInclude Include="src\engine\texture.h">
      <Filter>Header Files\engine</Filter>
    </ClInclude>
    <ClInclude Include="src\core\time.h">
      <Filter>Header Files\core</Filter>
    </ClInclude>
    <ClInclude Include="src\engine\material.h">
      <Filter>Header Files\engine</Filter>
    </ClInclude>
    <ClInclude Include="src\engine\light.h">
      <Filter>Header Files\engine</Filter>
    </ClInclude>
    <ClInclude Include="src\utils\color_channels.h">
      <Filter>Header Files\utils</Filter>
    </ClInclude>
    <ClInclude Include="src\game\cube_model.h">
      <Filter>Header Files\game</Filter>
    </ClInclude>
    <ClInclude Include="src\engine\entities.h">
      <Filter>Header Files\engine</Filter>
    </ClInclude>
    <ClInclude Include="src\engine\basics.h">
      <Filter>Header Files\engine</Filter>
    </ClInclude>
    <ClInclude Include="src\utils\json.h">
      <Filter>Header Files\utils</Filter>
    </ClInclude>
    <ClInclude Include="src\utils\resources.h">
      <Filter>Header Files\utils</Filter>
    </ClInclude>
    <ClInclude Include="src\engine\text.h">
      <Filter>Header Files\engine</Filter>
    </ClInclude>
    <ClInclude Include="src\core\vertex_buffers.h">
      <Filter>Header Files\core</Filter>
    </ClInclude>
    <ClInclude Include="src\core\vertex_array.h">
      <Filter>Header Files\core</Filter>
    </ClInclude>
    <ClInclude Include="src\core\render.h">
      <Filter>Header Files\core</Filter>
    </ClInclude>
    <ClInclude Include="src\utils\manager.h">
      <Filter>Header Files\utils</Filter>
    </ClInclude>
    <ClInclude Include="src\engine\sampler.h">
      <Filter>Header Files\engine</Filter>
    </ClInclude>
    <ClInclude Include="src\engine\shader.h">
      <Filter>Header Files\engine</Filter>
    </ClInclude>
    <ClInclude Include="src\utils\shader_constants.h">
      <Filter>Header Files\utils</Filter>
    </ClInclude>
    <ClInclude Include="src\utils\string_utils.h">
      <Filter>Header Files\utils</Filter>
    </ClInclude>
    <ClInclude Include="src\utils\raw_buffer.h">
      <Filter>Header Files\utils</Filter>
    </ClInclude>
    <ClInclude Include="src\engine\new_camera.h">
      <Filter>Header Files\engine</Filter>
    </ClInclude>
    <ClInclude Include="src\math\bases.h">
      <Filter>Header Files\math</Filter>
    </ClInclude>
  </ItemGroup>
</Project>